
Microsoft Visual Studio Solution File, Format Version 12.00
# Visual Studio Version 17
VisualStudioVersion = 17.10.35027.167
MinimumVisualStudioVersion = 10.0.40219.1
Project("{FAE04EC0-301F-11D3-BF4B-00C04F79EFBC}") = "MauiAppMinhasCompras", "MauiAppMinhasCompras\MauiAppMinhasCompras.csproj", "{404A999B-C2F2-4561-8DE5-8D5A222B79CC}"
EndProject
Global
	GlobalSection(SolutionConfigurationPlatforms) = preSolution
		Debug|Any CPU = Debug|Any CPU
		Release|Any CPU = Release|Any CPU
	EndGlobalSection
	GlobalSection(ProjectConfigurationPlatforms) = postSolution
		{404A999B-C2F2-4561-8DE5-8D5A222B79CC}.Debug|Any CPU.ActiveCfg = Debug|Any CPU
		{404A999B-C2F2-4561-8DE5-8D5A222B79CC}.Debug|Any CPU.Build.0 = Debug|Any CPU
		{404A999B-C2F2-4561-8DE5-8D5A222B79CC}.Debug|Any CPU.Deploy.0 = Debug|Any CPU
		{404A999B-C2F2-4561-8DE5-8D5A222B79CC}.Release|Any CPU.ActiveCfg = Release|Any CPU
		{404A999B-C2F2-4561-8DE5-8D5A222B79CC}.Release|Any CPU.Build.0 = Release|Any CPU
		{404A999B-C2F2-4561-8DE5-8D5A222B79CC}.Release|Any CPU.Deploy.0 = Release|Any CPU
	EndGlobalSection
	GlobalSection(SolutionProperties) = preSolution
		HideSolutionNode = FALSE
	EndGlobalSection
	GlobalSection(ExtensibilityGlobals) = postSolution
		SolutionGuid = {AF196AFE-FBB5-4A63-B4B2-53A4773F98DE}
	EndGlobalSection
EndGlobal
